
Microsoft Visual Studio Solution File, Format Version 12.00
# Visual Studio Version 17
VisualStudioVersion = 17.0.31903.59
MinimumVisualStudioVersion = 10.0.40219.1
Project("{FAE04EC0-301F-11D3-BF4B-00C04F79EFBC}") = "DynamicSearch.Dapper", "DynamicSearch.Dapper\DynamicSearch.Dapper.csproj", "{30211D2B-F5FC-488D-A27C-9EFEEBD60889}"
EndProject
Project("{FAE04EC0-301F-11D3-BF4B-00C04F79EFBC}") = "DynamicSearch.EfCore", "DynamicSearch.EfCore\DynamicSearch.EfCore.csproj", "{52B1D25C-5636-4387-8C01-F263F49ED690}"
EndProject
Project("{2150E333-8FDC-42A3-9474-1A3956D46DE8}") = "DynamicSearch.Sample", "DynamicSearch.Sample", "{F80C52EB-B782-CAEB-CA97-C87639973453}"
EndProject
Project("{2150E333-8FDC-42A3-9474-1A3956D46DE8}") = "src", "src", "{26C6EC8E-C5F5-B553-B6C7-54ECCFD64590}"
EndProject
Project("{FAE04EC0-301F-11D3-BF4B-00C04F79EFBC}") = "Core.Api", "DynamicSearch.Sample\src\Core.Api\Core.Api.csproj", "{BB9C66D6-6EEF-4CAF-924A-1592738AA729}"
EndProject
Project("{FAE04EC0-301F-11D3-BF4B-00C04F79EFBC}") = "Core.Application", "DynamicSearch.Sample\src\Core.Application\Core.Application.csproj", "{48815C17-C4EA-4146-A41F-075FD0CDFE35}"
EndProject
Project("{FAE04EC0-301F-11D3-BF4B-00C04F79EFBC}") = "Core.Domain", "DynamicSearch.Sample\src\Core.Domain\Core.Domain.csproj", "{95D8BB3E-4D3E-40DE-994E-0461B83FDAD9}"
EndProject
Project("{FAE04EC0-301F-11D3-BF4B-00C04F79EFBC}") = "Core.Persistence", "DynamicSearch.Sample\src\Core.Persistence\Core.Persistence.csproj", "{31DACC55-7292-4854-8925-C4AAE4FE1875}"
EndProject
Project("{FAE04EC0-301F-11D3-BF4B-00C04F79EFBC}") = "DynamicSearch.Test", "DynamicSearch.Test\DynamicSearch.Test.csproj", "{6095B8C6-9846-417E-8F73-35FAC199385E}"
EndProject
Project("{2150E333-8FDC-42A3-9474-1A3956D46DE8}") = "Infrastructure", "Infrastructure", "{DFEE68D8-A7D0-1A41-506C-9B74AA9A7B7B}"
EndProject
Project("{FAE04EC0-301F-11D3-BF4B-00C04F79EFBC}") = "Exception.Lib", "Infrastructure\Exception.Lib\Exception.Lib.csproj", "{446003ED-AAA5-43C1-8A45-994E0783BBA5}"
EndProject
Project("{FAE04EC0-301F-11D3-BF4B-00C04F79EFBC}") = "GenericRepository.Lib", "Infrastructure\GenericRepository.Lib\GenericRepository.Lib.csproj", "{09E72220-DB7E-4388-89D8-1BCEC97A2317}"
EndProject
Project("{FAE04EC0-301F-11D3-BF4B-00C04F79EFBC}") = "Kernel.Lib", "Infrastructure\Kernel.Lib\Kernel.Lib.csproj", "{E3DAB10B-81B7-4772-89FA-063803F853C2}"
EndProject
Global
	GlobalSection(SolutionConfigurationPlatforms) = preSolution
		Debug|Any CPU = Debug|Any CPU
		Debug|x64 = Debug|x64
		Debug|x86 = Debug|x86
		Release|Any CPU = Release|Any CPU
		Release|x64 = Release|x64
		Release|x86 = Release|x86
	EndGlobalSection
	GlobalSection(ProjectConfigurationPlatforms) = postSolution
		{30211D2B-F5FC-488D-A27C-9EFEEBD60889}.Debug|Any CPU.ActiveCfg = Debug|Any CPU
		{30211D2B-F5FC-488D-A27C-9EFEEBD60889}.Debug|Any CPU.Build.0 = Debug|Any CPU
		{30211D2B-F5FC-488D-A27C-9EFEEBD60889}.Debug|x64.ActiveCfg = Debug|Any CPU
		{30211D2B-F5FC-488D-A27C-9EFEEBD60889}.Debug|x64.Build.0 = Debug|Any CPU
		{30211D2B-F5FC-488D-A27C-9EFEEBD60889}.Debug|x86.ActiveCfg = Debug|Any CPU
		{30211D2B-F5FC-488D-A27C-9EFEEBD60889}.Debug|x86.Build.0 = Debug|Any CPU
		{30211D2B-F5FC-488D-A27C-9EFEEBD60889}.Release|Any CPU.ActiveCfg = Release|Any CPU
		{30211D2B-F5FC-488D-A27C-9EFEEBD60889}.Release|Any CPU.Build.0 = Release|Any CPU
		{30211D2B-F5FC-488D-A27C-9EFEEBD60889}.Release|x64.ActiveCfg = Release|Any CPU
		{30211D2B-F5FC-488D-A27C-9EFEEBD60889}.Release|x64.Build.0 = Release|Any CPU
		{30211D2B-F5FC-488D-A27C-9EFEEBD60889}.Release|x86.ActiveCfg = Release|Any CPU
		{30211D2B-F5FC-488D-A27C-9EFEEBD60889}.Release|x86.Build.0 = Release|Any CPU
		{52B1D25C-5636-4387-8C01-F263F49ED690}.Debug|Any CPU.ActiveCfg = Debug|Any CPU
		{52B1D25C-5636-4387-8C01-F263F49ED690}.Debug|Any CPU.Build.0 = Debug|Any CPU
		{52B1D25C-5636-4387-8C01-F263F49ED690}.Debug|x64.ActiveCfg = Debug|Any CPU
		{52B1D25C-5636-4387-8C01-F263F49ED690}.Debug|x64.Build.0 = Debug|Any CPU
		{52B1D25C-5636-4387-8C01-F263F49ED690}.Debug|x86.ActiveCfg = Debug|Any CPU
		{52B1D25C-5636-4387-8C01-F263F49ED690}.Debug|x86.Build.0 = Debug|Any CPU
		{52B1D25C-5636-4387-8C01-F263F49ED690}.Release|Any CPU.ActiveCfg = Release|Any CPU
		{52B1D25C-5636-4387-8C01-F263F49ED690}.Release|Any CPU.Build.0 = Release|Any CPU
		{52B1D25C-5636-4387-8C01-F263F49ED690}.Release|x64.ActiveCfg = Release|Any CPU
		{52B1D25C-5636-4387-8C01-F263F49ED690}.Release|x64.Build.0 = Release|Any CPU
		{52B1D25C-5636-4387-8C01-F263F49ED690}.Release|x86.ActiveCfg = Release|Any CPU
		{52B1D25C-5636-4387-8C01-F263F49ED690}.Release|x86.Build.0 = Release|Any CPU
		{BB9C66D6-6EEF-4CAF-924A-1592738AA729}.Debug|Any CPU.ActiveCfg = Debug|Any CPU
		{BB9C66D6-6EEF-4CAF-924A-1592738AA729}.Debug|Any CPU.Build.0 = Debug|Any CPU
		{BB9C66D6-6EEF-4CAF-924A-1592738AA729}.Debug|x64.ActiveCfg = Debug|Any CPU
		{BB9C66D6-6EEF-4CAF-924A-1592738AA729}.Debug|x64.Build.0 = Debug|Any CPU
		{BB9C66D6-6EEF-4CAF-924A-1592738AA729}.Debug|x86.ActiveCfg = Debug|Any CPU
		{BB9C66D6-6EEF-4CAF-924A-1592738AA729}.Debug|x86.Build.0 = Debug|Any CPU
		{BB9C66D6-6EEF-4CAF-924A-1592738AA729}.Release|Any CPU.ActiveCfg = Release|Any CPU
		{BB9C66D6-6EEF-4CAF-924A-1592738AA729}.Release|Any CPU.Build.0 = Release|Any CPU
		{BB9C66D6-6EEF-4CAF-924A-1592738AA729}.Release|x64.ActiveCfg = Release|Any CPU
		{BB9C66D6-6EEF-4CAF-924A-1592738AA729}.Release|x64.Build.0 = Release|Any CPU
		{BB9C66D6-6EEF-4CAF-924A-1592738AA729}.Release|x86.ActiveCfg = Release|Any CPU
		{BB9C66D6-6EEF-4CAF-924A-1592738AA729}.Release|x86.Build.0 = Release|Any CPU
		{48815C17-C4EA-4146-A41F-075FD0CDFE35}.Debug|Any CPU.ActiveCfg = Debug|Any CPU
		{48815C17-C4EA-4146-A41F-075FD0CDFE35}.Debug|Any CPU.Build.0 = Debug|Any CPU
		{48815C17-C4EA-4146-A41F-075FD0CDFE35}.Debug|x64.ActiveCfg = Debug|Any CPU
		{48815C17-C4EA-4146-A41F-075FD0CDFE35}.Debug|x64.Build.0 = Debug|Any CPU
		{48815C17-C4EA-4146-A41F-075FD0CDFE35}.Debug|x86.ActiveCfg = Debug|Any CPU
		{48815C17-C4EA-4146-A41F-075FD0CDFE35}.Debug|x86.Build.0 = Debug|Any CPU
		{48815C17-C4EA-4146-A41F-075FD0CDFE35}.Release|Any CPU.ActiveCfg = Release|Any CPU
		{48815C17-C4EA-4146-A41F-075FD0CDFE35}.Release|Any CPU.Build.0 = Release|Any CPU
		{48815C17-C4EA-4146-A41F-075FD0CDFE35}.Release|x64.ActiveCfg = Release|Any CPU
		{48815C17-C4EA-4146-A41F-075FD0CDFE35}.Release|x64.Build.0 = Release|Any CPU
		{48815C17-C4EA-4146-A41F-075FD0CDFE35}.Release|x86.ActiveCfg = Release|Any CPU
		{48815C17-C4EA-4146-A41F-075FD0CDFE35}.Release|x86.Build.0 = Release|Any CPU
		{95D8BB3E-4D3E-40DE-994E-0461B83FDAD9}.Debug|Any CPU.ActiveCfg = Debug|Any CPU
		{95D8BB3E-4D3E-40DE-994E-0461B83FDAD9}.Debug|Any CPU.Build.0 = Debug|Any CPU
		{95D8BB3E-4D3E-40DE-994E-0461B83FDAD9}.Debug|x64.ActiveCfg = Debug|Any CPU
		{95D8BB3E-4D3E-40DE-994E-0461B83FDAD9}.Debug|x64.Build.0 = Debug|Any CPU
		{95D8BB3E-4D3E-40DE-994E-0461B83FDAD9}.Debug|x86.ActiveCfg = Debug|Any CPU
		{95D8BB3E-4D3E-40DE-994E-0461B83FDAD9}.Debug|x86.Build.0 = Debug|Any CPU
		{95D8BB3E-4D3E-40DE-994E-0461B83FDAD9}.Release|Any CPU.ActiveCfg = Release|Any CPU
		{95D8BB3E-4D3E-40DE-994E-0461B83FDAD9}.Release|Any CPU.Build.0 = Release|Any CPU
		{95D8BB3E-4D3E-40DE-994E-0461B83FDAD9}.Release|x64.ActiveCfg = Release|Any CPU
		{95D8BB3E-4D3E-40DE-994E-0461B83FDAD9}.Release|x64.Build.0 = Release|Any CPU
		{95D8BB3E-4D3E-40DE-994E-0461B83FDAD9}.Release|x86.ActiveCfg = Release|Any CPU
		{95D8BB3E-4D3E-40DE-994E-0461B83FDAD9}.Release|x86.Build.0 = Release|Any CPU
		{31DACC55-7292-4854-8925-C4AAE4FE1875}.Debug|Any CPU.ActiveCfg = Debug|Any CPU
		{31DACC55-7292-4854-8925-C4AAE4FE1875}.Debug|Any CPU.Build.0 = Debug|Any CPU
		{31DACC55-7292-4854-8925-C4AAE4FE1875}.Debug|x64.ActiveCfg = Debug|Any CPU
		{31DACC55-7292-4854-8925-C4AAE4FE1875}.Debug|x64.Build.0 = Debug|Any CPU
		{31DACC55-7292-4854-8925-C4AAE4FE1875}.Debug|x86.ActiveCfg = Debug|Any CPU
		{31DACC55-7292-4854-8925-C4AAE4FE1875}.Debug|x86.Build.0 = Debug|Any CPU
		{31DACC55-7292-4854-8925-C4AAE4FE1875}.Release|Any CPU.ActiveCfg = Release|Any CPU
		{31DACC55-7292-4854-8925-C4AAE4FE1875}.Release|Any CPU.Build.0 = Release|Any CPU
		{31DACC55-7292-4854-8925-C4AAE4FE1875}.Release|x64.ActiveCfg = Release|Any CPU
		{31DACC55-7292-4854-8925-C4AAE4FE1875}.Release|x64.Build.0 = Release|Any CPU
		{31DACC55-7292-4854-8925-C4AAE4FE1875}.Release|x86.ActiveCfg = Release|Any CPU
		{31DACC55-7292-4854-8925-C4AAE4FE1875}.Release|x86.Build.0 = Release|Any CPU
		{6095B8C6-9846-417E-8F73-35FAC199385E}.Debug|Any CPU.ActiveCfg = Debug|Any CPU
		{6095B8C6-9846-417E-8F73-35FAC199385E}.Debug|Any CPU.Build.0 = Debug|Any CPU
		{6095B8C6-9846-417E-8F73-35FAC199385E}.Debug|x64.ActiveCfg = Debug|Any CPU
		{6095B8C6-9846-417E-8F73-35FAC199385E}.Debug|x64.Build.0 = Debug|Any CPU
		{6095B8C6-9846-417E-8F73-35FAC199385E}.Debug|x86.ActiveCfg = Debug|Any CPU
		{6095B8C6-9846-417E-8F73-35FAC199385E}.Debug|x86.Build.0 = Debug|Any CPU
		{6095B8C6-9846-417E-8F73-35FAC199385E}.Release|Any CPU.ActiveCfg = Release|Any CPU
		{6095B8C6-9846-417E-8F73-35FAC199385E}.Release|Any CPU.Build.0 = Release|Any CPU
		{6095B8C6-9846-417E-8F73-35FAC199385E}.Release|x64.ActiveCfg = Release|Any CPU
		{6095B8C6-9846-417E-8F73-35FAC199385E}.Release|x64.Build.0 = Release|Any CPU
		{6095B8C6-9846-417E-8F73-35FAC199385E}.Release|x86.ActiveCfg = Release|Any CPU
		{6095B8C6-9846-417E-8F73-35FAC199385E}.Release|x86.Build.0 = Release|Any CPU
		{446003ED-AAA5-43C1-8A45-994E0783BBA5}.Debug|Any CPU.ActiveCfg = Debug|Any CPU
		{446003ED-AAA5-43C1-8A45-994E0783BBA5}.Debug|Any CPU.Build.0 = Debug|Any CPU
		{446003ED-AAA5-43C1-8A45-994E0783BBA5}.Debug|x64.ActiveCfg = Debug|Any CPU
		{446003ED-AAA5-43C1-8A45-994E0783BBA5}.Debug|x64.Build.0 = Debug|Any CPU
		{446003ED-AAA5-43C1-8A45-994E0783BBA5}.Debug|x86.ActiveCfg = Debug|Any CPU
		{446003ED-AAA5-43C1-8A45-994E0783BBA5}.Debug|x86.Build.0 = Debug|Any CPU
		{446003ED-AAA5-43C1-8A45-994E0783BBA5}.Release|Any CPU.ActiveCfg = Release|Any CPU
		{446003ED-AAA5-43C1-8A45-994E0783BBA5}.Release|Any CPU.Build.0 = Release|Any CPU
		{446003ED-AAA5-43C1-8A45-994E0783BBA5}.Release|x64.ActiveCfg = Release|Any CPU
		{446003ED-AAA5-43C1-8A45-994E0783BBA5}.Release|x64.Build.0 = Release|Any CPU
		{446003ED-AAA5-43C1-8A45-994E0783BBA5}.Release|x86.ActiveCfg = Release|Any CPU
		{446003ED-AAA5-43C1-8A45-994E0783BBA5}.Release|x86.Build.0 = Release|Any CPU
		{09E72220-DB7E-4388-89D8-1BCEC97A2317}.Debug|Any CPU.ActiveCfg = Debug|Any CPU
		{09E72220-DB7E-4388-89D8-1BCEC97A2317}.Debug|Any CPU.Build.0 = Debug|Any CPU
		{09E72220-DB7E-4388-89D8-1BCEC97A2317}.Debug|x64.ActiveCfg = Debug|Any CPU
		{09E72220-DB7E-4388-89D8-1BCEC97A2317}.Debug|x64.Build.0 = Debug|Any CPU
		{09E72220-DB7E-4388-89D8-1BCEC97A2317}.Debug|x86.ActiveCfg = Debug|Any CPU
		{09E72220-DB7E-4388-89D8-1BCEC97A2317}.Debug|x86.Build.0 = Debug|Any CPU
		{09E72220-DB7E-4388-89D8-1BCEC97A2317}.Release|Any CPU.ActiveCfg = Release|Any CPU
		{09E72220-DB7E-4388-89D8-1BCEC97A2317}.Release|Any CPU.Build.0 = Release|Any CPU
		{09E72220-DB7E-4388-89D8-1BCEC97A2317}.Release|x64.ActiveCfg = Release|Any CPU
		{09E72220-DB7E-4388-89D8-1BCEC97A2317}.Release|x64.Build.0 = Release|Any CPU
		{09E72220-DB7E-4388-89D8-1BCEC97A2317}.Release|x86.ActiveCfg = Release|Any CPU
		{09E72220-DB7E-4388-89D8-1BCEC97A2317}.Release|x86.Build.0 = Release|Any CPU
		{E3DAB10B-81B7-4772-89FA-063803F853C2}.Debug|Any CPU.ActiveCfg = Debug|Any CPU
		{E3DAB10B-81B7-4772-89FA-063803F853C2}.Debug|Any CPU.Build.0 = Debug|Any CPU
		{E3DAB10B-81B7-4772-89FA-063803F853C2}.Debug|x64.ActiveCfg = Debug|Any CPU
		{E3DAB10B-81B7-4772-89FA-063803F853C2}.Debug|x64.Build.0 = Debug|Any CPU
		{E3DAB10B-81B7-4772-89FA-063803F853C2}.Debug|x86.ActiveCfg = Debug|Any CPU
		{E3DAB10B-81B7-4772-89FA-063803F853C2}.Debug|x86.Build.0 = Debug|Any CPU
		{E3DAB10B-81B7-4772-89FA-063803F853C2}.Release|Any CPU.ActiveCfg = Release|Any CPU
		{E3DAB10B-81B7-4772-89FA-063803F853C2}.Release|Any CPU.Build.0 = Release|Any CPU
		{E3DAB10B-81B7-4772-89FA-063803F853C2}.Release|x64.ActiveCfg = Release|Any CPU
		{E3DAB10B-81B7-4772-89FA-063803F853C2}.Release|x64.Build.0 = Release|Any CPU
		{E3DAB10B-81B7-4772-89FA-063803F853C2}.Release|x86.ActiveCfg = Release|Any CPU
		{E3DAB10B-81B7-4772-89FA-063803F853C2}.Release|x86.Build.0 = Release|Any CPU
	EndGlobalSection
	GlobalSection(SolutionProperties) = preSolution
		HideSolutionNode = FALSE
	EndGlobalSection
	GlobalSection(NestedProjects) = preSolution
		{26C6EC8E-C5F5-B553-B6C7-54ECCFD64590} = {F80C52EB-B782-CAEB-CA97-C87639973453}
		{BB9C66D6-6EEF-4CAF-924A-1592738AA729} = {26C6EC8E-C5F5-B553-B6C7-54ECCFD64590}
		{48815C17-C4EA-4146-A41F-075FD0CDFE35} = {26C6EC8E-C5F5-B553-B6C7-54ECCFD64590}
		{95D8BB3E-4D3E-40DE-994E-0461B83FDAD9} = {26C6EC8E-C5F5-B553-B6C7-54ECCFD64590}
		{31DACC55-7292-4854-8925-C4AAE4FE1875} = {26C6EC8E-C5F5-B553-B6C7-54ECCFD64590}
		{446003ED-AAA5-43C1-8A45-994E0783BBA5} = {DFEE68D8-A7D0-1A41-506C-9B74AA9A7B7B}
		{09E72220-DB7E-4388-89D8-1BCEC97A2317} = {DFEE68D8-A7D0-1A41-506C-9B74AA9A7B7B}
		{E3DAB10B-81B7-4772-89FA-063803F853C2} = {DFEE68D8-A7D0-1A41-506C-9B74AA9A7B7B}
	EndGlobalSection
EndGlobal
